github.com/IlikeChooros/dragontoothmg v0.1.2 h1:mTCpjc4HtayCbm8k/BzUrowZepvqfnSiPjTvK5ci+9A=
github.com/IlikeChooros/dragontoothmg v0.1.2/go.mod h1:A05ryL0JrZT6MKCbfNXS1sHCuvHTEQP8qLdy15YTK/E=
github.com/IlikeChooros/go-mcts v0.1.0 h1:/A0YrlBPngSD8AHkFbcs3YU2V59Z0AnTLX2oQghABNY=
github.com/IlikeChooros/go-mcts v0.1.0/go.mod h1:0ElgzAoQxOKu2R/KelNDr1+DnpAcR0hWn7oP5P8YlbA=
